PODS:
  - bitsdojo_window_macos (0.0.1):
    - FlutterMacOS
  - FlutterMacOS (1.0.0)
  - rust_lib_covert_connect (0.0.1):
    - FlutterMacOS
  - screen_retriever_macos (0.0.1):
    - FlutterMacOS

DEPENDENCIES:
  - bitsdojo_window_macos (from `Flutter/ephemeral/.symlinks/plugins/bitsdojo_window_macos/macos`)
  - FlutterMacOS (from `Flutter/ephemeral`)
  - rust_lib_covert_connect (from `Flutter/ephemeral/.symlinks/plugins/rust_lib_covert_connect/macos`)
  - screen_retriever_macos (from `Flutter/ephemeral/.symlinks/plugins/screen_retriever_macos/macos`)

EXTERNAL SOURCES:
  bitsdojo_window_macos:
    :path: Flutter/ephemeral/.symlinks/plugins/bitsdojo_window_macos/macos
  FlutterMacOS:
    :path: Flutter/ephemeral
  rust_lib_covert_connect:
    :path: Flutter/ephemeral/.symlinks/plugins/rust_lib_covert_connect/macos
  screen_retriever_macos:
    :path: Flutter/ephemeral/.symlinks/plugins/screen_retriever_macos/macos

SPEC CHECKSUMS:
  bitsdojo_window_macos: 7959fb0ca65a3ccda30095c181ecb856fae48ea9
  FlutterMacOS: d0db08ddef1a9af05a5ec4b724367152bb0500b1
  rust_lib_covert_connect: 86fce085720679eeada8521a9cf7b622f058f5a3
  screen_retriever_macos: 452e51764a9e1cdb74b3c541238795849f21557f

PODFILE CHECKSUM: 83c493776e796ff1f7045418a0799f83b55f1c21

COCOAPODS: 1.16.2
